
Microsoft Visual Studio Solution File, Format Version 12.00
# Visual Studio Version 16
VisualStudioVersion = 16.0.29509.3
MinimumVisualStudioVersion = 10.0.40219.1
Project("{FAE04EC0-301F-11D3-BF4B-00C04F79EFBC}") = "StackExchange.Redis.Resilience", "StackExchange.Redis.Resilience\StackExchange.Redis.Resilience.csproj", "{3FA8443D-F0CC-4BCB-9A53-76E4F1CE3C49}"
EndProject
Project("{FAE04EC0-301F-11D3-BF4B-00C04F79EFBC}") = "StackExchange.Redis.Resilience.Tests", "StackExchange.Redis.Resilience.Tests\StackExchange.Redis.Resilience.Tests.csproj", "{58937C69-9913-4E5B-B1B5-6B9A6BD52126}"
EndProject
Global
	GlobalSection(SolutionConfigurationPlatforms) = preSolution
		Debug|Any CPU = Debug|Any CPU
		Release|Any CPU = Release|Any CPU
	EndGlobalSection
	GlobalSection(ProjectConfigurationPlatforms) = postSolution
		{3FA8443D-F0CC-4BCB-9A53-76E4F1CE3C49}.Debug|Any CPU.ActiveCfg = Debug|Any CPU
		{3FA8443D-F0CC-4BCB-9A53-76E4F1CE3C49}.Debug|Any CPU.Build.0 = Debug|Any CPU
		{3FA8443D-F0CC-4BCB-9A53-76E4F1CE3C49}.Release|Any CPU.ActiveCfg = Release|Any CPU
		{3FA8443D-F0CC-4BCB-9A53-76E4F1CE3C49}.Release|Any CPU.Build.0 = Release|Any CPU
		{58937C69-9913-4E5B-B1B5-6B9A6BD52126}.Debug|Any CPU.ActiveCfg = Debug|Any CPU
		{58937C69-9913-4E5B-B1B5-6B9A6BD52126}.Debug|Any CPU.Build.0 = Debug|Any CPU
		{58937C69-9913-4E5B-B1B5-6B9A6BD52126}.Release|Any CPU.ActiveCfg = Release|Any CPU
		{58937C69-9913-4E5B-B1B5-6B9A6BD52126}.Release|Any CPU.Build.0 = Release|Any CPU
	EndGlobalSection
	GlobalSection(SolutionProperties) = preSolution
		HideSolutionNode = FALSE
	EndGlobalSection
	GlobalSection(ExtensibilityGlobals) = postSolution
		SolutionGuid = {A7F27AA5-9A2D-479A-B4BB-BAA911B052A0}
	EndGlobalSection
EndGlobal
